
Microsoft Visual Studio Solution File, Format Version 12.00
# Visual Studio Version 16
VisualStudioVersion = 16.0.29709.97
MinimumVisualStudioVersion = 10.0.40219.1
Project("{FAE04EC0-301F-11D3-BF4B-00C04F79EFBC}") = "ProcVuln V2", "ProcVuln V2\ProcVuln V2.csproj", "{718B172A-12EB-4AF4-980C-139CFCEBAE7A}"
EndProject
Global
	GlobalSection(SolutionConfigurationPlatforms) = preSolution
		Debug|Any CPU = Debug|Any CPU
		Release|Any CPU = Release|Any CPU
	EndGlobalSection
	GlobalSection(ProjectConfigurationPlatforms) = postSolution
		{718B172A-12EB-4AF4-980C-139CFCEBAE7A}.Debug|Any CPU.ActiveCfg = Debug|Any CPU
		{718B172A-12EB-4AF4-980C-139CFCEBAE7A}.Debug|Any CPU.Build.0 = Debug|Any CPU
		{718B172A-12EB-4AF4-980C-139CFCEBAE7A}.Release|Any CPU.ActiveCfg = Release|Any CPU
		{718B172A-12EB-4AF4-980C-139CFCEBAE7A}.Release|Any CPU.Build.0 = Release|Any CPU
	EndGlobalSection
	GlobalSection(SolutionProperties) = preSolution
		HideSolutionNode = FALSE
	EndGlobalSection
	GlobalSection(ExtensibilityGlobals) = postSolution
		SolutionGuid = {F0CE0A92-9574-43C2-ABAD-36AE275D886D}
	EndGlobalSection
EndGlobal
